
Microsoft Visual Studio Solution File, Format Version 12.00
# Visual Studio Version 17
VisualStudioVersion = 17.5.002.0
MinimumVisualStudioVersion = 10.0.40219.1
Project("{9A19103F-16F7-4668-BE54-9A1E7A4F7556}") = "Algorithm", "Algorithm\Algorithm.csproj", "{7343F6BB-FDB2-45F3-BB6F-8F37F08AF57E}"
EndProject
Project("{9A19103F-16F7-4668-BE54-9A1E7A4F7556}") = "HelloWorld", "HelloWorld\HelloWorld.csproj", "{67E18166-D0B7-4AB8-9943-048CB5F69E66}"
EndProject
Project("{9A19103F-16F7-4668-BE54-9A1E7A4F7556}") = "src", "src\src.csproj", "{A9D36EF6-B16B-437B-B248-20D067B04C42}"
EndProject
Global
	GlobalSection(SolutionConfigurationPlatforms) = preSolution
		Debug|Any CPU = Debug|Any CPU
		Release|Any CPU = Release|Any CPU
	EndGlobalSection
	GlobalSection(ProjectConfigurationPlatforms) = postSolution
		{7343F6BB-FDB2-45F3-BB6F-8F37F08AF57E}.Debug|Any CPU.ActiveCfg = Debug|Any CPU
		{7343F6BB-FDB2-45F3-BB6F-8F37F08AF57E}.Debug|Any CPU.Build.0 = Debug|Any CPU
		{7343F6BB-FDB2-45F3-BB6F-8F37F08AF57E}.Release|Any CPU.ActiveCfg = Release|Any CPU
		{7343F6BB-FDB2-45F3-BB6F-8F37F08AF57E}.Release|Any CPU.Build.0 = Release|Any CPU
		{67E18166-D0B7-4AB8-9943-048CB5F69E66}.Debug|Any CPU.ActiveCfg = Debug|Any CPU
		{67E18166-D0B7-4AB8-9943-048CB5F69E66}.Debug|Any CPU.Build.0 = Debug|Any CPU
		{67E18166-D0B7-4AB8-9943-048CB5F69E66}.Release|Any CPU.ActiveCfg = Release|Any CPU
		{67E18166-D0B7-4AB8-9943-048CB5F69E66}.Release|Any CPU.Build.0 = Release|Any CPU
		{A9D36EF6-B16B-437B-B248-20D067B04C42}.Debug|Any CPU.ActiveCfg = Debug|Any CPU
		{A9D36EF6-B16B-437B-B248-20D067B04C42}.Debug|Any CPU.Build.0 = Debug|Any CPU
		{A9D36EF6-B16B-437B-B248-20D067B04C42}.Release|Any CPU.ActiveCfg = Release|Any CPU
		{A9D36EF6-B16B-437B-B248-20D067B04C42}.Release|Any CPU.Build.0 = Release|Any CPU
	EndGlobalSection
	GlobalSection(SolutionProperties) = preSolution
		HideSolutionNode = FALSE
	EndGlobalSection
	GlobalSection(ExtensibilityGlobals) = postSolution
		SolutionGuid = {8B5E2852-DF8F-4D79-9E56-46B15DBAD64B}
	EndGlobalSection
EndGlobal
